
Microsoft Visual Studio Solution File, Format Version 12.00
Project("{FAE04EC0-301F-11D3-BF4B-00C04F79EFBC}") = "G42Warehouse", "G42Warehouse\G42Warehouse.csproj", "{9C724BDE-6473-4301-A41A-625EC9BE8045}"
EndProject
Project("{FAE04EC0-301F-11D3-BF4B-00C04F79EFBC}") = "G42Warehouse.Tests", "G42Warehouse.Tests\G42Warehouse.Tests.csproj", "{F9C0AEE4-5B4A-4F0E-B8C2-0E4C0C7D1234}"
EndProject
Global
	GlobalSection(SolutionConfigurationPlatforms) = preSolution
		Debug|Any CPU = Debug|Any CPU
		Release|Any CPU = Release|Any CPU
	EndGlobalSection
GlobalSection(ProjectConfigurationPlatforms) = postSolution
	{9C724BDE-6473-4301-A41A-625EC9BE8045}.Debug|Any CPU.ActiveCfg = Debug|Any CPU
	{9C724BDE-6473-4301-A41A-625EC9BE8045}.Debug|Any CPU.Build.0 = Debug|Any CPU
	{9C724BDE-6473-4301-A41A-625EC9BE8045}.Release|Any CPU.ActiveCfg = Release|Any CPU
	{9C724BDE-6473-4301-A41A-625EC9BE8045}.Release|Any CPU.Build.0 = Release|Any CPU
	{F9C0AEE4-5B4A-4F0E-B8C2-0E4C0C7D1234}.Debug|Any CPU.ActiveCfg = Debug|Any CPU
	{F9C0AEE4-5B4A-4F0E-B8C2-0E4C0C7D1234}.Debug|Any CPU.Build.0 = Debug|Any CPU
	{F9C0AEE4-5B4A-4F0E-B8C2-0E4C0C7D1234}.Release|Any CPU.ActiveCfg = Release|Any CPU
	{F9C0AEE4-5B4A-4F0E-B8C2-0E4C0C7D1234}.Release|Any CPU.Build.0 = Release|Any CPU
EndGlobalSection
EndGlobal
